
Microsoft Visual Studio Solution File, Format Version 12.00
# Visual Studio Version 16
VisualStudioVersion = 16.0.30907.101
MinimumVisualStudioVersion = 10.0.40219.1
Project("{FAE04EC0-301F-11D3-BF4B-00C04F79EFBC}") = "DecisionMaking", "DecisionMaking\DecisionMaking.csproj", "{549E60B3-FBB0-4053-862D-107A1AF01982}"
EndProject
Global
	GlobalSection(SolutionConfigurationPlatforms) = preSolution
		Debug|Any CPU = Debug|Any CPU
		Release|Any CPU = Release|Any CPU
	EndGlobalSection
	GlobalSection(ProjectConfigurationPlatforms) = postSolution
		{549E60B3-FBB0-4053-862D-107A1AF01982}.Debug|Any CPU.ActiveCfg = Debug|Any CPU
		{549E60B3-FBB0-4053-862D-107A1AF01982}.Debug|Any CPU.Build.0 = Debug|Any CPU
		{549E60B3-FBB0-4053-862D-107A1AF01982}.Release|Any CPU.ActiveCfg = Release|Any CPU
		{549E60B3-FBB0-4053-862D-107A1AF01982}.Release|Any CPU.Build.0 = Release|Any CPU
	EndGlobalSection
	GlobalSection(SolutionProperties) = preSolution
		HideSolutionNode = FALSE
	EndGlobalSection
	GlobalSection(ExtensibilityGlobals) = postSolution
		SolutionGuid = {4608FE12-ED37-436A-A519-BA4E7FFAFAEE}
	EndGlobalSection
EndGlobal
